
Microsoft Visual Studio Solution File, Format Version 11.00
# Visual Studio 2010
Project("{FAE04EC0-301F-11D3-BF4B-00C04F79EFBC}") = "peinter", "peinter\peinter.csproj", "{059A49FE-4D93-4284-8A7A-7313B5FAEF3E}"
EndProject
Global
	GlobalSection(SolutionConfigurationPlatforms) = preSolution
		Debug|x86 = Debug|x86
		Release|x86 = Release|x86
	EndGlobalSection
	GlobalSection(ProjectConfigurationPlatforms) = postSolution
		{059A49FE-4D93-4284-8A7A-7313B5FAEF3E}.Debug|x86.ActiveCfg = Debug|x86
		{059A49FE-4D93-4284-8A7A-7313B5FAEF3E}.Debug|x86.Build.0 = Debug|x86
		{059A49FE-4D93-4284-8A7A-7313B5FAEF3E}.Release|x86.ActiveCfg = Release|x86
		{059A49FE-4D93-4284-8A7A-7313B5FAEF3E}.Release|x86.Build.0 = Release|x86
	EndGlobalSection
	GlobalSection(SolutionProperties) = preSolution
		HideSolutionNode = FALSE
	EndGlobalSection
EndGlobal
